
Microsoft Visual Studio Solution File, Format Version 12.00
# Visual Studio Version 16
VisualStudioVersion = 16.0.30804.86
MinimumVisualStudioVersion = 10.0.40219.1
Project("{FAE04EC0-301F-11D3-BF4B-00C04F79EFBC}") = "Из-9", "Из-9\Из-9.csproj", "{D7CAA684-A776-47A7-BAF8-54B0BCCE3914}"
EndProject
Global
	GlobalSection(SolutionConfigurationPlatforms) = preSolution
		Debug|Any CPU = Debug|Any CPU
		Release|Any CPU = Release|Any CPU
	EndGlobalSection
	GlobalSection(ProjectConfigurationPlatforms) = postSolution
		{D7CAA684-A776-47A7-BAF8-54B0BCCE3914}.Debug|Any CPU.ActiveCfg = Debug|Any CPU
		{D7CAA684-A776-47A7-BAF8-54B0BCCE3914}.Debug|Any CPU.Build.0 = Debug|Any CPU
		{D7CAA684-A776-47A7-BAF8-54B0BCCE3914}.Release|Any CPU.ActiveCfg = Release|Any CPU
		{D7CAA684-A776-47A7-BAF8-54B0BCCE3914}.Release|Any CPU.Build.0 = Release|Any CPU
	EndGlobalSection
	GlobalSection(SolutionProperties) = preSolution
		HideSolutionNode = FALSE
	EndGlobalSection
	GlobalSection(ExtensibilityGlobals) = postSolution
		SolutionGuid = {F848835E-93D7-44FC-BEA0-B57C07C58F4E}
	EndGlobalSection
EndGlobal
