
Microsoft Visual Studio Solution File, Format Version 12.00
# Visual Studio 15
VisualStudioVersion = 15.0.28307.1401
MinimumVisualStudioVersion = 10.0.40219.1
Project("{FAE04EC0-301F-11D3-BF4B-00C04F79EFBC}") = "WindowsFormsApp2", "WindowsFormsApp2\WindowsFormsApp2.csproj", "{8F6A5E55-086E-43F8-A8A9-F5C9C71B9C3D}"
EndProject
Global
	GlobalSection(SolutionConfigurationPlatforms) = preSolution
		Debug|Any CPU = Debug|Any CPU
		Release|Any CPU = Release|Any CPU
	EndGlobalSection
	GlobalSection(ProjectConfigurationPlatforms) = postSolution
		{8F6A5E55-086E-43F8-A8A9-F5C9C71B9C3D}.Debug|Any CPU.ActiveCfg = Debug|Any CPU
		{8F6A5E55-086E-43F8-A8A9-F5C9C71B9C3D}.Debug|Any CPU.Build.0 = Debug|Any CPU
		{8F6A5E55-086E-43F8-A8A9-F5C9C71B9C3D}.Release|Any CPU.ActiveCfg = Release|Any CPU
		{8F6A5E55-086E-43F8-A8A9-F5C9C71B9C3D}.Release|Any CPU.Build.0 = Release|Any CPU
	EndGlobalSection
	GlobalSection(SolutionProperties) = preSolution
		HideSolutionNode = FALSE
	EndGlobalSection
	GlobalSection(ExtensibilityGlobals) = postSolution
		SolutionGuid = {7450B3A5-5F98-4876-AE84-D7687076F3AC}
	EndGlobalSection
EndGlobal
